
Microsoft Visual Studio Solution File, Format Version 10.00
# Visual Studio 2008
Project("{FAE04EC0-301F-11D3-BF4B-00C04F79EFBC}") = "WebmindBrowser", "WebmindBrowser\WebmindBrowser.csproj", "{0B3F2368-FFB1-414E-B5A1-663AD0B19325}"
EndProject
Global
	GlobalSection(SolutionConfigurationPlatforms) = preSolution
		Debug|Any CPU = Debug|Any CPU
		Release|Any CPU = Release|Any CPU
	EndGlobalSection
	GlobalSection(ProjectConfigurationPlatforms) = postSolution
		{0B3F2368-FFB1-414E-B5A1-663AD0B19325}.Debug|Any CPU.ActiveCfg = Debug|Any CPU
		{0B3F2368-FFB1-414E-B5A1-663AD0B19325}.Debug|Any CPU.Build.0 = Debug|Any CPU
		{0B3F2368-FFB1-414E-B5A1-663AD0B19325}.Release|Any CPU.ActiveCfg = Release|Any CPU
		{0B3F2368-FFB1-414E-B5A1-663AD0B19325}.Release|Any CPU.Build.0 = Release|Any CPU
	EndGlobalSection
	GlobalSection(SolutionProperties) = preSolution
		HideSolutionNode = FALSE
	EndGlobalSection
EndGlobal
